{
  "name": "riot-trello",
  "version": "1.0.0",
  "lockfileVersion": 1,
  "requires": true,
  "dependencies": {
    "require-relative": {
      "version": "0.8.7",
      "resolved": "https://registry.npmjs.org/require-relative/-/require-relative-0.8.7.tgz",
      "integrity": "sha1-eZlTn8ngR6N5KPoZb44VY9q9Nt4="
    },
    "rollup-plugin-svelte": {
      "version": "4.3.0",
      "resolved": "https://registry.npmjs.org/rollup-plugin-svelte/-/rollup-plugin-svelte-4.3.0.tgz",
      "integrity": "sha512-ZLfKfwvF1y0EBTqo7QqsyADZil2RC/dnPbGPzIY27+nKhaAUNtxKINAFsiLjntNn1FIm1BmfW6ra3yYfRDyamQ==",
      "requires": {
        "require-relative": "^0.8.7",
        "rollup-pluginutils": "^2.3.0",
        "sourcemap-codec": "^1.4.1"
      }
    },
    "rollup-pluginutils": {
      "version": "2.8.2",
      "resolved": "https://registry.npmjs.org/rollup-pluginutils/-/rollup-pluginutils-2.8.2.tgz",
      "integrity": "sha512-EEp9NhnUkwY8aif6bxgovPHMoMoNr2FulJziTndpt5H9RdwC47GSGuII9XxpSdzVGM0GWrNPHV6ie1LTNJPaLQ==",
      "requires": {
        "estree-walker": "^0.6.1"
      },
      "dependencies": {
        "estree-walker": {
          "version": "0.6.1",
          "resolved": "https://registry.npmjs.org/estree-walker/-/estree-walker-0.6.1.tgz",
          "integrity": "sha512-SqmZANLWS0mnatqbSfRP5g8OXZC12Fgg1IwNtLsyHDzJizORW4khDfjPqJZsemPWBB2uqykUah5YpQ6epsqC/w=="
        }
      }
    },
    "sourcemap-codec": {
      "version": "1.4.2",
      "resolved": "https://registry.npmjs.org/sourcemap-codec/-/sourcemap-codec-1.4.2.tgz",
      "integrity": "sha512-lkz3rrUdxUNL7gWXhwQQoUAQOumPvvaRj5tH3Z8PMTvPekH8yhdfRDdb2Zs6FU1ro9wI70OluZEAFJSOgzLecg=="
    },
    "svelte": {
      "version": "2.13.5",
      "resolved": "https://registry.npmjs.org/svelte/-/svelte-2.13.5.tgz",
      "integrity": "sha512-Mg4+vRwAT1IMR4FAH3cOmMaVVrJ35xUI1qsTW+WoJvRpeBDx7aLZUbgBXnctxdfEJQ4BuP2MCuhYKy8917Au1A=="
    }
  }
}
